// !$*UTF8*$!
{
	archiveVersion = 1;
	classes = {
	};
	objectVersion = 46;
	objects = {

/* Begin PBXBuildFile section */
		6215E2C01464853B00EC7C9D /* UIKit.framework in Frameworks */ = {isa = PBXBuildFile; fileRef = 6215E2BF1464853B00EC7C9D /* UIKit.framework */; };
		6215E2C21464853B00EC7C9D /* Foundation.framework in Frameworks */ = {isa = PBXBuildFile; fileRef = 6215E2C11464853B00EC7C9D /* Foundation.framework */; };
		6215E2C41464853B00EC7C9D /* CoreGraphics.framework in Frameworks */ = {isa = PBXBuildFile; fileRef = 6215E2C31464853B00EC7C9D /* CoreGraphics.framework */; };
		6215E2CA1464853B00EC7C9D /* InfoPlist.strings in Resources */ = {isa = PBXBuildFile; fileRef = 6215E2C81464853B00EC7C9D /* InfoPlist.strings */; };
		6215E2CC1464853B00EC7C9D /* main.m in Sources */ = {isa = PBXBuildFile; fileRef = 6215E2CB1464853B00EC7C9D /* main.m */; };
		6215E2D01464853B00EC7C9D /* dcnyc10AppDelegate.m in Sources */ = {isa = PBXBuildFile; fileRef = 6215E2CF1464853B00EC7C9D /* dcnyc10AppDelegate.m */; };
		6215E31C14648CB200EC7C9D /* libRestKitJSONParserJSONKit.a in Frameworks */ = {isa = PBXBuildFile; fileRef = 6215E31114648BFF00EC7C9D /* libRestKitJSONParserJSONKit.a */; };
		6215E31D14648CB200EC7C9D /* libRestKitNetwork.a in Frameworks */ = {isa = PBXBuildFile; fileRef = 6215E30514648BFF00EC7C9D /* libRestKitNetwork.a */; };
		6215E31E14648CB200EC7C9D /* libRestKitObjectMapping.a in Frameworks */ = {isa = PBXBuildFile; fileRef = 6215E30714648BFF00EC7C9D /* libRestKitObjectMapping.a */; };
		6215E31F14648CB200EC7C9D /* libRestKitSupport.a in Frameworks */ = {isa = PBXBuildFile; fileRef = 6215E30914648BFF00EC7C9D /* libRestKitSupport.a */; };
		6215E32314648CE300EC7C9D /* CFNetwork.framework in Frameworks */ = {isa = PBXBuildFile; fileRef = 6215E32014648CE300EC7C9D /* CFNetwork.framework */; };
		6215E32414648CE300EC7C9D /* MobileCoreServices.framework in Frameworks */ = {isa = PBXBuildFile; fileRef = 6215E32114648CE300EC7C9D /* MobileCoreServices.framework */; };
		6215E32514648CE300EC7C9D /* SystemConfiguration.framework in Frameworks */ = {isa = PBXBuildFile; fileRef = 6215E32214648CE300EC7C9D /* SystemConfiguration.framework */; };
		6215E32A146490C300EC7C9D /* CodSession.m in Sources */ = {isa = PBXBuildFile; fileRef = 6215E329146490C300EC7C9D /* CodSession.m */; };
		62336F61146D7017003E1F6D /* SessionsTable.m in Sources */ = {isa = PBXBuildFile; fileRef = 62336F5F146D7017003E1F6D /* SessionsTable.m */; };
		62336F62146D7017003E1F6D /* SessionsTable.xib in Resources */ = {isa = PBXBuildFile; fileRef = 62336F60146D7017003E1F6D /* SessionsTable.xib */; };
		62467361146DED400014D13D /* SessionDetail.m in Sources */ = {isa = PBXBuildFile; fileRef = 6246735F146DED400014D13D /* SessionDetail.m */; };
		62467362146DED400014D13D /* SessionDetail.xib in Resources */ = {isa = PBXBuildFile; fileRef = 62467360146DED400014D13D /* SessionDetail.xib */; };
		625EFCE614717C0B00DDED6F /* LICENSE in Resources */ = {isa = PBXBuildFile; fileRef = 625EFCD214717C0B00DDED6F /* LICENSE */; };
		625EFCE714717C0B00DDED6F /* README.md in Resources */ = {isa = PBXBuildFile; fileRef = 625EFCD314717C0B00DDED6F /* README.md */; };
		625EFCE814717C0B00DDED6F /* SDImageCache.m in Sources */ = {isa = PBXBuildFile; fileRef = 625EFCD514717C0B00DDED6F /* SDImageCache.m */; };
		625EFCE914717C0B00DDED6F /* SDWebImageDecoder.m in Sources */ = {isa = PBXBuildFile; fileRef = 625EFCD914717C0B00DDED6F /* SDWebImageDecoder.m */; };
		625EFCEA14717C0B00DDED6F /* SDWebImageDownloader.m in Sources */ = {isa = PBXBuildFile; fileRef = 625EFCDB14717C0B00DDED6F /* SDWebImageDownloader.m */; };
		625EFCEB14717C0B00DDED6F /* SDWebImageManager.m in Sources */ = {isa = PBXBuildFile; fileRef = 625EFCDE14717C0B00DDED6F /* SDWebImageManager.m */; };
		625EFCEC14717C0B00DDED6F /* SDWebImagePrefetcher.m in Sources */ = {isa = PBXBuildFile; fileRef = 625EFCE114717C0B00DDED6F /* SDWebImagePrefetcher.m */; };
		625EFCED14717C0B00DDED6F /* UIButton+WebCache.m in Sources */ = {isa = PBXBuildFile; fileRef = 625EFCE314717C0B00DDED6F /* UIButton+WebCache.m */; };
		625EFCEE14717C0B00DDED6F /* UIImageView+WebCache.m in Sources */ = {isa = PBXBuildFile; fileRef = 625EFCE514717C0B00DDED6F /* UIImageView+WebCache.m */; };
		625EFCF014717D3900DDED6F /* Contact.png in Resources */ = {isa = PBXBuildFile; fileRef = 625EFCEF14717D3900DDED6F /* Contact.png */; };
		625EFCF61471951F00DDED6F /* libTestFlight.a in Frameworks */ = {isa = PBXBuildFile; fileRef = 625EFCF21471951F00DDED6F /* libTestFlight.a */; };
		625EFCF71471951F00DDED6F /* README.txt in Resources */ = {isa = PBXBuildFile; fileRef = 625EFCF31471951F00DDED6F /* README.txt */; };
		625EFCF81471951F00DDED6F /* release_notes.txt in Resources */ = {isa = PBXBuildFile; fileRef = 625EFCF41471951F00DDED6F /* release_notes.txt */; };
		625EFD111471ED8D00DDED6F /* SponsorTableViewCell.m in Sources */ = {isa = PBXBuildFile; fileRef = 625EFD101471ED8D00DDED6F /* SponsorTableViewCell.m */; };
		625EFD131471EEB800DDED6F /* SponsorTableViewCell.xib in Resources */ = {isa = PBXBuildFile; fileRef = 625EFD121471EEB800DDED6F /* SponsorTableViewCell.xib */; };
		62786E88146F6E73001E00A1 /* Default@2x.png in Resources */ = {isa = PBXBuildFile; fileRef = 62786E87146F6E73001E00A1 /* Default@2x.png */; };
		62786E8A146F6EEB001E00A1 /* bg_dark-brown-repeating.png in Resources */ = {isa = PBXBuildFile; fileRef = 62786E89146F6EEB001E00A1 /* bg_dark-brown-repeating.png */; };
		62786E8C146F702F001E00A1 /* bg_full-screen-light.png in Resources */ = {isa = PBXBuildFile; fileRef = 62786E8B146F702F001E00A1 /* bg_full-screen-light.png */; };
		62786E8F146F80B0001E00A1 /* CodSponsor.m in Sources */ = {isa = PBXBuildFile; fileRef = 62786E8E146F80B0001E00A1 /* CodSponsor.m */; };
		62786E93146F8311001E00A1 /* SponsorsTableViewController.m in Sources */ = {isa = PBXBuildFile; fileRef = 62786E91146F8311001E00A1 /* SponsorsTableViewController.m */; };
		62786E94146F8311001E00A1 /* SponsorsTableViewController.xib in Resources */ = {isa = PBXBuildFile; fileRef = 62786E92146F8311001E00A1 /* SponsorsTableViewController.xib */; };
		62786E98146F8C7F001E00A1 /* SponsorDetailViewController.m in Sources */ = {isa = PBXBuildFile; fileRef = 62786E96146F8C7E001E00A1 /* SponsorDetailViewController.m */; };
		62786E99146F8C7F001E00A1 /* SponsorDetailViewController.xib in Resources */ = {isa = PBXBuildFile; fileRef = 62786E97146F8C7F001E00A1 /* SponsorDetailViewController.xib */; };
		627D438014733931001256B8 /* map_projections.png in Resources */ = {isa = PBXBuildFile; fileRef = 627D437F14733931001256B8 /* map_projections.png */; };
		627D438414733972001256B8 /* MapView.m in Sources */ = {isa = PBXBuildFile; fileRef = 627D438214733972001256B8 /* MapView.m */; };
		627D438514733972001256B8 /* MapView.xib in Resources */ = {isa = PBXBuildFile; fileRef = 627D438314733972001256B8 /* MapView.xib */; };
		627D4390147343C0001256B8 /* icn_main-info.png in Resources */ = {isa = PBXBuildFile; fileRef = 627D4387147343C0001256B8 /* icn_main-info.png */; };
		627D4391147343C0001256B8 /* icn_main-maps.png in Resources */ = {isa = PBXBuildFile; fileRef = 627D4388147343C0001256B8 /* icn_main-maps.png */; };
		627D4392147343C0001256B8 /* icn_main-news.png in Resources */ = {isa = PBXBuildFile; fileRef = 627D4389147343C0001256B8 /* icn_main-news.png */; };
		627D4393147343C0001256B8 /* icn_main-sessions.png in Resources */ = {isa = PBXBuildFile; fileRef = 627D438A147343C0001256B8 /* icn_main-sessions.png */; };
		627D4394147343C0001256B8 /* icn_main-settings.png in Resources */ = {isa = PBXBuildFile; fileRef = 627D438B147343C0001256B8 /* icn_main-settings.png */; };
		627D4395147343C0001256B8 /* icn_main-social.png in Resources */ = {isa = PBXBuildFile; fileRef = 627D438C147343C0001256B8 /* icn_main-social.png */; };
		627D4396147343C0001256B8 /* icn_main-speakers.png in Resources */ = {isa = PBXBuildFile; fileRef = 627D438D147343C0001256B8 /* icn_main-speakers.png */; };
		627D4397147343C0001256B8 /* icn_main-sponsors.png in Resources */ = {isa = PBXBuildFile; fileRef = 627D438E147343C0001256B8 /* icn_main-sponsors.png */; };
		627D4398147343C0001256B8 /* icn_main-tweets.png in Resources */ = {isa = PBXBuildFile; fileRef = 627D438F147343C0001256B8 /* icn_main-tweets.png */; };
		627D439B14734475001256B8 /* bg-repeat_light.png in Resources */ = {isa = PBXBuildFile; fileRef = 627D439914734475001256B8 /* bg-repeat_light.png */; };
		627D439C14734475001256B8 /* bg-repeat.png in Resources */ = {isa = PBXBuildFile; fileRef = 627D439A14734475001256B8 /* bg-repeat.png */; };
		627D439E1473463C001256B8 /* Default.png in Resources */ = {isa = PBXBuildFile; fileRef = 627D439D1473463B001256B8 /* Default.png */; };
		627D43A114734896001256B8 /* LogoType.png in Resources */ = {isa = PBXBuildFile; fileRef = 627D439F14734896001256B8 /* LogoType.png */; };
		627D43A214734896001256B8 /* LogoType@2x.png in Resources */ = {isa = PBXBuildFile; fileRef = 627D43A014734896001256B8 /* LogoType@2x.png */; };
		62A1B27B1465C04600140C9F /* libRestKitCoreData.a in Frameworks */ = {isa = PBXBuildFile; fileRef = 6215E31514648BFF00EC7C9D /* libRestKitCoreData.a */; };
		62A1B27D1465C04600140C9F /* CoreData.framework in Frameworks */ = {isa = PBXBuildFile; fileRef = 62A1B27C1465C04600140C9F /* CoreData.framework */; };
		62A1B2821465C76000140C9F /* CoreDataModel.xcdatamodeld in Sources */ = {isa = PBXBuildFile; fileRef = 62A1B2801465C76000140C9F /* CoreDataModel.xcdatamodeld */; };
		62CAFC69146FF6D10020DB6E /* SessionTableViewCell.xib in Resources */ = {isa = PBXBuildFile; fileRef = 62CAFC67146FF6D10020DB6E /* SessionTableViewCell.xib */; };
		62CAFC6B146FF7F10020DB6E /* bg_list-row-tall.png in Resources */ = {isa = PBXBuildFile; fileRef = 62CAFC6A146FF7F10020DB6E /* bg_list-row-tall.png */; };
		62CAFC6E146FF8EC0020DB6E /* SessionTableViewCell.m in Sources */ = {isa = PBXBuildFile; fileRef = 62CAFC6D146FF8EC0020DB6E /* SessionTableViewCell.m */; };
		62CAFC71147069F70020DB6E /* CodSpeaker.m in Sources */ = {isa = PBXBuildFile; fileRef = 62CAFC70147069F70020DB6E /* CodSpeaker.m */; };
		62CAFC7814707DB30020DB6E /* SpeakerTableView.m in Sources */ = {isa = PBXBuildFile; fileRef = 62CAFC7614707DB20020DB6E /* SpeakerTableView.m */; };
		62CAFC7914707DB30020DB6E /* SpeakerTableView.xib in Resources */ = {isa = PBXBuildFile; fileRef = 62CAFC7714707DB30020DB6E /* SpeakerTableView.xib */; };
		62CAFC80147080500020DB6E /* SpeakerDetailView.m in Sources */ = {isa = PBXBuildFile; fileRef = 62CAFC7E147080500020DB6E /* SpeakerDetailView.m */; };
		62CAFC81147080500020DB6E /* SpeakerDetailView.xib in Resources */ = {isa = PBXBuildFile; fileRef = 62CAFC7F147080500020DB6E /* SpeakerDetailView.xib */; };
		62CAFC84147082BC0020DB6E /* SpeakerTableViewCell.m in Sources */ = {isa = PBXBuildFile; fileRef = 62CAFC83147082BC0020DB6E /* SpeakerTableViewCell.m */; };
		62CAFC86147083920020DB6E /* SpeakerTableViewCell.xib in Resources */ = {isa = PBXBuildFile; fileRef = 62CAFC85147083920020DB6E /* SpeakerTableViewCell.xib */; };
		62E0886A146EDE2A00DC1585 /* DashboardViewController.m in Sources */ = {isa = PBXBuildFile; fileRef = 62E08868146EDE2A00DC1585 /* DashboardViewController.m */; };
		62E0886B146EDE2A00DC1585 /* DashboardViewController.xib in Resources */ = {isa = PBXBuildFile; fileRef = 62E08869146EDE2A00DC1585 /* DashboardViewController.xib */; };
/* End PBXBuildFile section */

/* Begin PBXContainerItemProxy section */
		6215E30414648BFF00EC7C9D /* PBXContainerItemProxy */ = {
			isa = PBXContainerItemProxy;
			containerPortal = 6215E2F014648BFE00EC7C9D /* RestKit.xcodeproj */;
			proxyType = 2;
			remoteGlobalIDString = 253A07FC1255161B00976E89;
			remoteInfo = RestKitNetwork;
		};
		6215E30614648BFF00EC7C9D /* PBXContainerItemProxy */ = {
			isa = PBXContainerItemProxy;
			containerPortal = 6215E2F014648BFE00EC7C9D /* RestKit.xcodeproj */;
			proxyType = 2;
			remoteGlobalIDString = 253A08031255162C00976E89;
			remoteInfo = RestKitObjectMapping;
		};
		6215E30814648BFF00EC7C9D /* PBXContainerItemProxy */ = {
			isa = PBXContainerItemProxy;
			containerPortal = 6215E2F014648BFE00EC7C9D /* RestKit.xcodeproj */;
			proxyType = 2;
			remoteGlobalIDString = 253A080C12551D3000976E89;
			remoteInfo = RestKitSupport;
		};
		6215E30A14648BFF00EC7C9D /* PBXContainerItemProxy */ = {
			isa = PBXContainerItemProxy;
			containerPortal = 6215E2F014648BFE00EC7C9D /* RestKit.xcodeproj */;
			proxyType = 2;
			remoteGlobalIDString = 20808DBD13DE8CDC000A156A;
			remoteInfo = "RestKitJSONParser+NXJSON";
		};
		6215E30C14648BFF00EC7C9D /* PBXContainerItemProxy */ = {
			isa = PBXContainerItemProxy;
			containerPortal = 6215E2F014648BFE00EC7C9D /* RestKit.xcodeproj */;
			proxyType = 2;
			remoteGlobalIDString = 2590E64F125231F600531FA8;
			remoteInfo = "RestKitJSONParser+YAJL";
		};
		6215E30E14648BFF00EC7C9D /* PBXContainerItemProxy */ = {
			isa = PBXContainerItemProxy;
			containerPortal = 6215E2F014648BFE00EC7C9D /* RestKit.xcodeproj */;
			proxyType = 2;
			remoteGlobalIDString = 2590E66B1252353700531FA8;
			remoteInfo = "RestKitJSONParser+SBJSON";
		};
		6215E31014648BFF00EC7C9D /* PBXContainerItemProxy */ = {
			isa = PBXContainerItemProxy;
			containerPortal = 6215E2F014648BFE00EC7C9D /* RestKit.xcodeproj */;
			proxyType = 2;
			remoteGlobalIDString = 73057FD11331AD2E001908EE;
			remoteInfo = "RestKitJSONParser+JSONKit";
		};
		6215E31214648BFF00EC7C9D /* PBXContainerItemProxy */ = {
			isa = PBXContainerItemProxy;
			containerPortal = 6215E2F014648BFE00EC7C9D /* RestKit.xcodeproj */;
			proxyType = 2;
			remoteGlobalIDString = 25BD43BD1340315800DBACDD;
			remoteInfo = "RestKitXMLParser+Libxml";
		};
		6215E31414648BFF00EC7C9D /* PBXContainerItemProxy */ = {
			isa = PBXContainerItemProxy;
			containerPortal = 6215E2F014648BFE00EC7C9D /* RestKit.xcodeproj */;
			proxyType = 2;
			remoteGlobalIDString = 253A081412551D5300976E89;
			remoteInfo = RestKitCoreData;
		};
		6215E31614648BFF00EC7C9D /* PBXContainerItemProxy */ = {
			isa = PBXContainerItemProxy;
			containerPortal = 6215E2F014648BFE00EC7C9D /* RestKit.xcodeproj */;
			proxyType = 2;
			remoteGlobalIDString = 2523360511E79F090048F9B4;
			remoteInfo = RestKitThree20;
		};
		6215E31814648BFF00EC7C9D /* PBXContainerItemProxy */ = {
			isa = PBXContainerItemProxy;
			containerPortal = 6215E2F014648BFE00EC7C9D /* RestKit.xcodeproj */;
			proxyType = 2;
			remoteGlobalIDString = 3F6C39A510FE5C95008F47C5;
			remoteInfo = UISpec;
		};
		6215E31A14648C5F00EC7C9D /* PBXContainerItemProxy */ = {
			isa = PBXContainerItemProxy;
			containerPortal = 6215E2F014648BFE00EC7C9D /* RestKit.xcodeproj */;
			proxyType = 1;
			remoteGlobalIDString = 255B7588133BABBF00ED76AD;
			remoteInfo = RestKit;
		};
/* End PBXContainerItemProxy section */

/* Begin PBXFileReference section */
		6215E2BB1464853B00EC7C9D /* dcnyc10-ios.app */ = {isa = PBXFileReference; explicitFileType = wrapper.application; includeInIndex = 0; path = "dcnyc10-ios.app"; sourceTree = BUILT_PRODUCTS_DIR; };
		6215E2BF1464853B00EC7C9D /* UIKit.framework */ = {isa = PBXFileReference; lastKnownFileType = wrapper.framework; name = UIKit.framework; path = System/Library/Frameworks/UIKit.framework; sourceTree = SDKROOT; };
		6215E2C11464853B00EC7C9D /* Foundation.framework */ = {isa = PBXFileReference; lastKnownFileType = wrapper.framework; name = Foundation.framework; path = System/Library/Frameworks/Foundation.framework; sourceTree = SDKROOT; };
		6215E2C31464853B00EC7C9D /* CoreGraphics.framework */ = {isa = PBXFileReference; lastKnownFileType = wrapper.framework; name = CoreGraphics.framework; path = System/Library/Frameworks/CoreGraphics.framework; sourceTree = SDKROOT; };
		6215E2C71464853B00EC7C9D /* dcnyc10-ios-Info.plist */ = {isa = PBXFileReference; lastKnownFileType = text.plist.xml; path = "dcnyc10-ios-Info.plist"; sourceTree = "<group>"; };
		6215E2C91464853B00EC7C9D /* en */ = {isa = PBXFileReference; lastKnownFileType = text.plist.strings; name = en; path = en.lproj/InfoPlist.strings; sourceTree = "<group>"; };
		6215E2CB1464853B00EC7C9D /* main.m */ = {isa = PBXFileReference; lastKnownFileType = sourcecode.c.objc; path = main.m; sourceTree = "<group>"; };
		6215E2CD1464853B00EC7C9D /* dcnyc10-ios-Prefix.pch */ = {isa = PBXFileReference; lastKnownFileType = sourcecode.c.h; path = "dcnyc10-ios-Prefix.pch"; sourceTree = "<group>"; };
		6215E2CE1464853B00EC7C9D /* dcnyc10AppDelegate.h */ = {isa = PBXFileReference; lastKnownFileType = sourcecode.c.h; path = dcnyc10AppDelegate.h; sourceTree = "<group>"; };
		6215E2CF1464853B00EC7C9D /* dcnyc10AppDelegate.m */ = {isa = PBXFileReference; lastKnownFileType = sourcecode.c.objc; path = dcnyc10AppDelegate.m; sourceTree = "<group>"; };
		6215E2F014648BFE00EC7C9D /* RestKit.xcodeproj */ = {isa = PBXFileReference; lastKnownFileType = "wrapper.pb-project"; name = RestKit.xcodeproj; path = RestKit/RestKit.xcodeproj; sourceTree = "<group>"; };
		6215E32014648CE300EC7C9D /* CFNetwork.framework */ = {isa = PBXFileReference; lastKnownFileType = wrapper.framework; name = CFNetwork.framework; path = System/Library/Frameworks/CFNetwork.framework; sourceTree = SDKROOT; };
		6215E32114648CE300EC7C9D /* MobileCoreServices.framework */ = {isa = PBXFileReference; lastKnownFileType = wrapper.framework; name = MobileCoreServices.framework; path = System/Library/Frameworks/MobileCoreServices.framework; sourceTree = SDKROOT; };
		6215E32214648CE300EC7C9D /* SystemConfiguration.framework */ = {isa = PBXFileReference; lastKnownFileType = wrapper.framework; name = SystemConfiguration.framework; path = System/Library/Frameworks/SystemConfiguration.framework; sourceTree = SDKROOT; };
		6215E328146490C300EC7C9D /* CodSession.h */ = {isa = PBXFileReference; fileEncoding = 4; lastKnownFileType = sourcecode.c.h; path = CodSession.h; sourceTree = "<group>"; };
		6215E329146490C300EC7C9D /* CodSession.m */ = {isa = PBXFileReference; fileEncoding = 4; lastKnownFileType = sourcecode.c.objc; path = CodSession.m; sourceTree = "<group>"; };
		62336F5E146D7017003E1F6D /* SessionsTable.h */ = {isa = PBXFileReference; fileEncoding = 4; lastKnownFileType = sourcecode.c.h; path = SessionsTable.h; sourceTree = "<group>"; };
		62336F5F146D7017003E1F6D /* SessionsTable.m */ = {isa = PBXFileReference; fileEncoding = 4; lastKnownFileType = sourcecode.c.objc; path = SessionsTable.m; sourceTree = "<group>"; };
		62336F60146D7017003E1F6D /* SessionsTable.xib */ = {isa = PBXFileReference; fileEncoding = 4; lastKnownFileType = file.xib; path = SessionsTable.xib; sourceTree = "<group>"; };
		6246735E146DED400014D13D /* SessionDetail.h */ = {isa = PBXFileReference; fileEncoding = 4; lastKnownFileType = sourcecode.c.h; path = SessionDetail.h; sourceTree = "<group>"; };
		6246735F146DED400014D13D /* SessionDetail.m */ = {isa = PBXFileReference; fileEncoding = 4; lastKnownFileType = sourcecode.c.objc; path = SessionDetail.m; sourceTree = "<group>"; };
		62467360146DED400014D13D /* SessionDetail.xib */ = {isa = PBXFileReference; fileEncoding = 4; lastKnownFileType = file.xib; path = SessionDetail.xib; sourceTree = "<group>"; };
		625EFCD214717C0B00DDED6F /* LICENSE */ = {isa = PBXFileReference; fileEncoding = 4; lastKnownFileType = text; path = LICENSE; sourceTree = "<group>"; };
		625EFCD314717C0B00DDED6F /* README.md */ = {isa = PBXFileReference; fileEncoding = 4; lastKnownFileType = text; path = README.md; sourceTree = "<group>"; };
		625EFCD414717C0B00DDED6F /* SDImageCache.h */ = {isa = PBXFileReference; fileEncoding = 4; lastKnownFileType = sourcecode.c.h; path = SDImageCache.h; sourceTree = "<group>"; };
		625EFCD514717C0B00DDED6F /* SDImageCache.m */ = {isa = PBXFileReference; fileEncoding = 4; lastKnownFileType = sourcecode.c.objc; path = SDImageCache.m; sourceTree = "<group>"; };
		625EFCD614717C0B00DDED6F /* SDImageCacheDelegate.h */ = {isa = PBXFileReference; fileEncoding = 4; lastKnownFileType = sourcecode.c.h; path = SDImageCacheDelegate.h; sourceTree = "<group>"; };
		625EFCD714717C0B00DDED6F /* SDWebImageCompat.h */ = {isa = PBXFileReference; fileEncoding = 4; lastKnownFileType = sourcecode.c.h; path = SDWebImageCompat.h; sourceTree = "<group>"; };
		625EFCD814717C0B00DDED6F /* SDWebImageDecoder.h */ = {isa = PBXFileReference; fileEncoding = 4; lastKnownFileType = sourcecode.c.h; path = SDWebImageDecoder.h; sourceTree = "<group>"; };
		625EFCD914717C0B00DDED6F /* SDWebImageDecoder.m */ = {isa = PBXFileReference; fileEncoding = 4; lastKnownFileType = sourcecode.c.objc; path = SDWebImageDecoder.m; sourceTree = "<group>"; };
		625EFCDA14717C0B00DDED6F /* SDWebImageDownloader.h */ = {isa = PBXFileReference; fileEncoding = 4; lastKnownFileType = sourcecode.c.h; path = SDWebImageDownloader.h; sourceTree = "<group>"; };
		625EFCDB14717C0B00DDED6F /* SDWebImageDownloader.m */ = {isa = PBXFileReference; fileEncoding = 4; lastKnownFileType = sourcecode.c.objc; path = SDWebImageDownloader.m; sourceTree = "<group>"; };
		625EFCDC14717C0B00DDED6F /* SDWebImageDownloaderDelegate.h */ = {isa = PBXFileReference; fileEncoding = 4; lastKnownFileType = sourcecode.c.h; path = SDWebImageDownloaderDelegate.h; sourceTree = "<group>"; };
		625EFCDD14717C0B00DDED6F /* SDWebImageManager.h */ = {isa = PBXFileReference; fileEncoding = 4; lastKnownFileType = sourcecode.c.h; path = SDWebImageManager.h; sourceTree = "<group>"; };
		625EFCDE14717C0B00DDED6F /* SDWebImageManager.m */ = {isa = PBXFileReference; fileEncoding = 4; lastKnownFileType = sourcecode.c.objc; path = SDWebImageManager.m; sourceTree = "<group>"; };
		625EFCDF14717C0B00DDED6F /* SDWebImageManagerDelegate.h */ = {isa = PBXFileReference; fileEncoding = 4; lastKnownFileType = sourcecode.c.h; path = SDWebImageManagerDelegate.h; sourceTree = "<group>"; };
		625EFCE014717C0B00DDED6F /* SDWebImagePrefetcher.h */ = {isa = PBXFileReference; fileEncoding = 4; lastKnownFileType = sourcecode.c.h; path = SDWebImagePrefetcher.h; sourceTree = "<group>"; };
		625EFCE114717C0B00DDED6F /* SDWebImagePrefetcher.m */ = {isa = PBXFileReference; fileEncoding = 4; lastKnownFileType = sourcecode.c.objc; path = SDWebImagePrefetcher.m; sourceTree = "<group>"; };
		625EFCE214717C0B00DDED6F /* UIButton+WebCache.h */ = {isa = PBXFileReference; fileEncoding = 4; lastKnownFileType = sourcecode.c.h; path = "UIButton+WebCache.h"; sourceTree = "<group>"; };
		625EFCE314717C0B00DDED6F /* UIButton+WebCache.m */ = {isa = PBXFileReference; fileEncoding = 4; lastKnownFileType = sourcecode.c.objc; path = "UIButton+WebCache.m"; sourceTree = "<group>"; };
		625EFCE414717C0B00DDED6F /* UIImageView+WebCache.h */ = {isa = PBXFileReference; fileEncoding = 4; lastKnownFileType = sourcecode.c.h; path = "UIImageView+WebCache.h"; sourceTree = "<group>"; };
		625EFCE514717C0B00DDED6F /* UIImageView+WebCache.m */ = {isa = PBXFileReference; fileEncoding = 4; lastKnownFileType = sourcecode.c.objc; path = "UIImageView+WebCache.m"; sourceTree = "<group>"; };
		625EFCEF14717D3900DDED6F /* Contact.png */ = {isa = PBXFileReference; lastKnownFileType = image.png; path = Contact.png; sourceTree = "<group>"; };
		625EFCF21471951F00DDED6F /* libTestFlight.a */ = {isa = PBXFileReference; lastKnownFileType = archive.ar; path = libTestFlight.a; sourceTree = "<group>"; };
		625EFCF31471951F00DDED6F /* README.txt */ = {isa = PBXFileReference; fileEncoding = 4; lastKnownFileType = text; path = README.txt; sourceTree = "<group>"; };
		625EFCF41471951F00DDED6F /* release_notes.txt */ = {isa = PBXFileReference; fileEncoding = 4; lastKnownFileType = text; path = release_notes.txt; sourceTree = "<group>"; };
		625EFCF51471951F00DDED6F /* TestFlight.h */ = {isa = PBXFileReference; fileEncoding = 4; lastKnownFileType = sourcecode.c.h; path = TestFlight.h; sourceTree = "<group>"; };
		625EFD0F1471ED8D00DDED6F /* SponsorTableViewCell.h */ = {isa = PBXFileReference; fileEncoding = 4; lastKnownFileType = sourcecode.c.h; path = SponsorTableViewCell.h; sourceTree = "<group>"; };
		625EFD101471ED8D00DDED6F /* SponsorTableViewCell.m */ = {isa = PBXFileReference; fileEncoding = 4; lastKnownFileType = sourcecode.c.objc; path = SponsorTableViewCell.m; sourceTree = "<group>"; };
		625EFD121471EEB800DDED6F /* SponsorTableViewCell.xib */ = {isa = PBXFileReference; fileEncoding = 4; lastKnownFileType = file.xib; path = SponsorTableViewCell.xib; sourceTree = "<group>"; };
		62786E87146F6E73001E00A1 /* Default@2x.png */ = {isa = PBXFileReference; lastKnownFileType = image.png; path = "Default@2x.png"; sourceTree = "<group>"; };
		62786E89146F6EEB001E00A1 /* bg_dark-brown-repeating.png */ = {isa = PBXFileReference; lastKnownFileType = image.png; path = "bg_dark-brown-repeating.png"; sourceTree = "<group>"; };
		62786E8B146F702F001E00A1 /* bg_full-screen-light.png */ = {isa = PBXFileReference; lastKnownFileType = image.png; path = "bg_full-screen-light.png"; sourceTree = "<group>"; };
		62786E8D146F80B0001E00A1 /* CodSponsor.h */ = {isa = PBXFileReference; fileEncoding = 4; lastKnownFileType = sourcecode.c.h; path = CodSponsor.h; sourceTree = "<group>"; };
		62786E8E146F80B0001E00A1 /* CodSponsor.m */ = {isa = PBXFileReference; fileEncoding = 4; lastKnownFileType = sourcecode.c.objc; path = CodSponsor.m; sourceTree = "<group>"; };
		62786E90146F8311001E00A1 /* SponsorsTableViewController.h */ = {isa = PBXFileReference; fileEncoding = 4; lastKnownFileType = sourcecode.c.h; path = SponsorsTableViewController.h; sourceTree = "<group>"; };
		62786E91146F8311001E00A1 /* SponsorsTableViewController.m */ = {isa = PBXFileReference; fileEncoding = 4; lastKnownFileType = sourcecode.c.objc; path = SponsorsTableViewController.m; sourceTree = "<group>"; };
		62786E92146F8311001E00A1 /* SponsorsTableViewController.xib */ = {isa = PBXFileReference; fileEncoding = 4; lastKnownFileType = file.xib; path = SponsorsTableViewController.xib; sourceTree = "<group>"; };
		62786E95146F8C7E001E00A1 /* SponsorDetailViewController.h */ = {isa = PBXFileReference; fileEncoding = 4; lastKnownFileType = sourcecode.c.h; path = SponsorDetailViewController.h; sourceTree = "<group>"; };
		62786E96146F8C7E001E00A1 /* SponsorDetailViewController.m */ = {isa = PBXFileReference; fileEncoding = 4; lastKnownFileType = sourcecode.c.objc; path = SponsorDetailViewController.m; sourceTree = "<group>"; };
		62786E97146F8C7F001E00A1 /* SponsorDetailViewController.xib */ = {isa = PBXFileReference; fileEncoding = 4; lastKnownFileType = file.xib; path = SponsorDetailViewController.xib; sourceTree = "<group>"; };
		627D437F14733931001256B8 /* map_projections.png */ = {isa = PBXFileReference; lastKnownFileType = image.png; path = map_projections.png; sourceTree = "<group>"; };
		627D438114733972001256B8 /* MapView.h */ = {isa = PBXFileReference; fileEncoding = 4; lastKnownFileType = sourcecode.c.h; path = MapView.h; sourceTree = "<group>"; };
		627D438214733972001256B8 /* MapView.m */ = {isa = PBXFileReference; fileEncoding = 4; lastKnownFileType = sourcecode.c.objc; path = MapView.m; sourceTree = "<group>"; };
		627D438314733972001256B8 /* MapView.xib */ = {isa = PBXFileReference; fileEncoding = 4; lastKnownFileType = file.xib; path = MapView.xib; sourceTree = "<group>"; };
		627D4387147343C0001256B8 /* icn_main-info.png */ = {isa = PBXFileReference; lastKnownFileType = image.png; path = "icn_main-info.png"; sourceTree = "<group>"; };
		627D4388147343C0001256B8 /* icn_main-maps.png */ = {isa = PBXFileReference; lastKnownFileType = image.png; path = "icn_main-maps.png"; sourceTree = "<group>"; };
		627D4389147343C0001256B8 /* icn_main-news.png */ = {isa = PBXFileReference; lastKnownFileType = image.png; path = "icn_main-news.png"; sourceTree = "<group>"; };
		627D438A147343C0001256B8 /* icn_main-sessions.png */ = {isa = PBXFileReference; lastKnownFileType = image.png; path = "icn_main-sessions.png"; sourceTree = "<group>"; };
		627D438B147343C0001256B8 /* icn_main-settings.png */ = {isa = PBXFileReference; lastKnownFileType = image.png; path = "icn_main-settings.png"; sourceTree = "<group>"; };
		627D438C147343C0001256B8 /* icn_main-social.png */ = {isa = PBXFileReference; lastKnownFileType = image.png; path = "icn_main-social.png"; sourceTree = "<group>"; };
		627D438D147343C0001256B8 /* icn_main-speakers.png */ = {isa = PBXFileReference; lastKnownFileType = image.png; path = "icn_main-speakers.png"; sourceTree = "<group>"; };
		627D438E147343C0001256B8 /* icn_main-sponsors.png */ = {isa = PBXFileReference; lastKnownFileType = image.png; path = "icn_main-sponsors.png"; sourceTree = "<group>"; };
		627D438F147343C0001256B8 /* icn_main-tweets.png */ = {isa = PBXFileReference; lastKnownFileType = image.png; path = "icn_main-tweets.png"; sourceTree = "<group>"; };
		627D439914734475001256B8 /* bg-repeat_light.png */ = {isa = PBXFileReference; lastKnownFileType = image.png; path = "bg-repeat_light.png"; sourceTree = "<group>"; };
		627D439A14734475001256B8 /* bg-repeat.png */ = {isa = PBXFileReference; lastKnownFileType = image.png; path = "bg-repeat.png"; sourceTree = "<group>"; };
		627D439D1473463B001256B8 /* Default.png */ = {isa = PBXFileReference; lastKnownFileType = image.png; path = Default.png; sourceTree = "<group>"; };
		627D439F14734896001256B8 /* LogoType.png */ = {isa = PBXFileReference; lastKnownFileType = image.png; path = LogoType.png; sourceTree = "<group>"; };
		627D43A014734896001256B8 /* LogoType@2x.png */ = {isa = PBXFileReference; lastKnownFileType = image.png; path = "LogoType@2x.png"; sourceTree = "<group>"; };
		62A1B27C1465C04600140C9F /* CoreData.framework */ = {isa = PBXFileReference; lastKnownFileType = wrapper.framework; name = CoreData.framework; path = System/Library/Frameworks/CoreData.framework; sourceTree = SDKROOT; };
		62A1B2811465C76000140C9F /* CoreDataModel.xcdatamodel */ = {isa = PBXFileReference; lastKnownFileType = wrapper.xcdatamodel; path = CoreDataModel.xcdatamodel; sourceTree = "<group>"; };
		62CAFC67146FF6D10020DB6E /* SessionTableViewCell.xib */ = {isa = PBXFileReference; fileEncoding = 4; lastKnownFileType = file.xib; path = SessionTableViewCell.xib; sourceTree = "<group>"; };
		62CAFC6A146FF7F10020DB6E /* bg_list-row-tall.png */ = {isa = PBXFileReference; lastKnownFileType = image.png; path = "bg_list-row-tall.png"; sourceTree = "<group>"; };
		62CAFC6C146FF8EC0020DB6E /* SessionTableViewCell.h */ = {isa = PBXFileReference; fileEncoding = 4; lastKnownFileType = sourcecode.c.h; path = SessionTableViewCell.h; sourceTree = "<group>"; };
		62CAFC6D146FF8EC0020DB6E /* SessionTableViewCell.m */ = {isa = PBXFileReference; fileEncoding = 4; lastKnownFileType = sourcecode.c.objc; path = SessionTableViewCell.m; sourceTree = "<group>"; };
		62CAFC6F147069F70020DB6E /* CodSpeaker.h */ = {isa = PBXFileReference; fileEncoding = 4; lastKnownFileType = sourcecode.c.h; path = CodSpeaker.h; sourceTree = "<group>"; };
		62CAFC70147069F70020DB6E /* CodSpeaker.m */ = {isa = PBXFileReference; fileEncoding = 4; lastKnownFileType = sourcecode.c.objc; path = CodSpeaker.m; sourceTree = "<group>"; };
		62CAFC7514707DB20020DB6E /* SpeakerTableView.h */ = {isa = PBXFileReference; fileEncoding = 4; lastKnownFileType = sourcecode.c.h; path = SpeakerTableView.h; sourceTree = "<group>"; };
		62CAFC7614707DB20020DB6E /* SpeakerTableView.m */ = {isa = PBXFileReference; fileEncoding = 4; lastKnownFileType = sourcecode.c.objc; path = SpeakerTableView.m; sourceTree = "<group>"; };
		62CAFC7714707DB30020DB6E /* SpeakerTableView.xib */ = {isa = PBXFileReference; fileEncoding = 4; lastKnownFileType = file.xib; path = SpeakerTableView.xib; sourceTree = "<group>"; };
		62CAFC7D147080500020DB6E /* SpeakerDetailView.h */ = {isa = PBXFileReference; fileEncoding = 4; lastKnownFileType = sourcecode.c.h; path = SpeakerDetailView.h; sourceTree = "<group>"; };
		62CAFC7E147080500020DB6E /* SpeakerDetailView.m */ = {isa = PBXFileReference; fileEncoding = 4; lastKnownFileType = sourcecode.c.objc; path = SpeakerDetailView.m; sourceTree = "<group>"; };
		62CAFC7F147080500020DB6E /* SpeakerDetailView.xib */ = {isa = PBXFileReference; fileEncoding = 4; lastKnownFileType = file.xib; path = SpeakerDetailView.xib; sourceTree = "<group>"; };
		62CAFC82147082BC0020DB6E /* SpeakerTableViewCell.h */ = {isa = PBXFileReference; fileEncoding = 4; lastKnownFileType = sourcecode.c.h; path = SpeakerTableViewCell.h; sourceTree = "<group>"; };
		62CAFC83147082BC0020DB6E /* SpeakerTableViewCell.m */ = {isa = PBXFileReference; fileEncoding = 4; lastKnownFileType = sourcecode.c.objc; path = SpeakerTableViewCell.m; sourceTree = "<group>"; };
		62CAFC85147083920020DB6E /* SpeakerTableViewCell.xib */ = {isa = PBXFileReference; fileEncoding = 4; lastKnownFileType = file.xib; path = SpeakerTableViewCell.xib; sourceTree = "<group>"; };
		62E08867146EDE2A00DC1585 /* DashboardViewController.h */ = {isa = PBXFileReference; fileEncoding = 4; lastKnownFileType = sourcecode.c.h; path = DashboardViewController.h; sourceTree = "<group>"; };
		62E08868146EDE2A00DC1585 /* DashboardViewController.m */ = {isa = PBXFileReference; fileEncoding = 4; lastKnownFileType = sourcecode.c.objc; path = DashboardViewController.m; sourceTree = "<group>"; };
		62E08869146EDE2A00DC1585 /* DashboardViewController.xib */ = {isa = PBXFileReference; fileEncoding = 4; lastKnownFileType = file.xib; path = DashboardViewController.xib; sourceTree = "<group>"; };
/* End PBXFileReference section */

/* Begin PBXFrameworksBuildPhase section */
		6215E2B81464853B00EC7C9D /* Frameworks */ = {
			isa = PBXFrameworksBuildPhase;
			buildActionMask = 2147483647;
			files = (
				62A1B27D1465C04600140C9F /* CoreData.framework in Frameworks */,
				62A1B27B1465C04600140C9F /* libRestKitCoreData.a in Frameworks */,
				6215E32314648CE300EC7C9D /* CFNetwork.framework in Frameworks */,
				6215E32414648CE300EC7C9D /* MobileCoreServices.framework in Frameworks */,
				6215E32514648CE300EC7C9D /* SystemConfiguration.framework in Frameworks */,
				6215E31C14648CB200EC7C9D /* libRestKitJSONParserJSONKit.a in Frameworks */,
				6215E31D14648CB200EC7C9D /* libRestKitNetwork.a in Frameworks */,
				6215E31E14648CB200EC7C9D /* libRestKitObjectMapping.a in Frameworks */,
				6215E31F14648CB200EC7C9D /* libRestKitSupport.a in Frameworks */,
				6215E2C01464853B00EC7C9D /* UIKit.framework in Frameworks */,
				6215E2C21464853B00EC7C9D /* Foundation.framework in Frameworks */,
				6215E2C41464853B00EC7C9D /* CoreGraphics.framework in Frameworks */,
				625EFCF61471951F00DDED6F /* libTestFlight.a in Frameworks */,
			);
			runOnlyForDeploymentPostprocessing = 0;
		};
/* End PBXFrameworksBuildPhase section */

/* Begin PBXGroup section */
		6215E2B01464853A00EC7C9D = {
			isa = PBXGroup;
			children = (
				627D439D1473463B001256B8 /* Default.png */,
				625EFCF11471951F00DDED6F /* TestFlightSDK0.8 */,
				625EFCD114717C0B00DDED6F /* SDWebImage */,
				62786E87146F6E73001E00A1 /* Default@2x.png */,
				62A1B27C1465C04600140C9F /* CoreData.framework */,
				6215E32014648CE300EC7C9D /* CFNetwork.framework */,
				6215E32114648CE300EC7C9D /* MobileCoreServices.framework */,
				6215E32214648CE300EC7C9D /* SystemConfiguration.framework */,
				6215E2F014648BFE00EC7C9D /* RestKit.xcodeproj */,
				6215E2C51464853B00EC7C9D /* dcnyc10-ios */,
				6215E2BE1464853B00EC7C9D /* Frameworks */,
				6215E2BC1464853B00EC7C9D /* Products */,
			);
			sourceTree = "<group>";
		};
		6215E2BC1464853B00EC7C9D /* Products */ = {
			isa = PBXGroup;
			children = (
				6215E2BB1464853B00EC7C9D /* dcnyc10-ios.app */,
			);
			name = Products;
			sourceTree = "<group>";
		};
		6215E2BE1464853B00EC7C9D /* Frameworks */ = {
			isa = PBXGroup;
			children = (
				6215E2BF1464853B00EC7C9D /* UIKit.framework */,
				6215E2C11464853B00EC7C9D /* Foundation.framework */,
				6215E2C31464853B00EC7C9D /* CoreGraphics.framework */,
			);
			name = Frameworks;
			sourceTree = "<group>";
		};
		6215E2C51464853B00EC7C9D /* dcnyc10-ios */ = {
			isa = PBXGroup;
			children = (
				62336F56146D6F0B003E1F6D /* Views */,
				6215E3271464909400EC7C9D /* Models */,
				6215E2CE1464853B00EC7C9D /* dcnyc10AppDelegate.h */,
				6215E2CF1464853B00EC7C9D /* dcnyc10AppDelegate.m */,
				62A1B27E1465C66E00140C9F /* Images */,
				6215E2C61464853B00EC7C9D /* Supporting Files */,
				62A1B2801465C76000140C9F /* CoreDataModel.xcdatamodeld */,
			);
			path = "dcnyc10-ios";
			sourceTree = "<group>";
		};
		6215E2C61464853B00EC7C9D /* Supporting Files */ = {
			isa = PBXGroup;
			children = (
				6215E2C71464853B00EC7C9D /* dcnyc10-ios-Info.plist */,
				6215E2C81464853B00EC7C9D /* InfoPlist.strings */,
				6215E2CB1464853B00EC7C9D /* main.m */,
				6215E2CD1464853B00EC7C9D /* dcnyc10-ios-Prefix.pch */,
			);
			name = "Supporting Files";
			sourceTree = "<group>";
		};
		6215E2F114648BFE00EC7C9D /* Products */ = {
			isa = PBXGroup;
			children = (
				6215E30514648BFF00EC7C9D /* libRestKitNetwork.a */,
				6215E30714648BFF00EC7C9D /* libRestKitObjectMapping.a */,
				6215E30914648BFF00EC7C9D /* libRestKitSupport.a */,
				6215E30B14648BFF00EC7C9D /* libRestKitJSONParserNXJSON.a */,
				6215E30D14648BFF00EC7C9D /* libRestKitJSONParserYAJL.a */,
				6215E30F14648BFF00EC7C9D /* libRestKitJSONParserSBJSON.a */,
				6215E31114648BFF00EC7C9D /* libRestKitJSONParserJSONKit.a */,
				6215E31314648BFF00EC7C9D /* libRestKitXMLParserLibxml.a */,
				6215E31514648BFF00EC7C9D /* libRestKitCoreData.a */,
				6215E31714648BFF00EC7C9D /* libRestKitThree20.a */,
				6215E31914648BFF00EC7C9D /* RestKitSpecs.app */,
			);
			name = Products;
			sourceTree = "<group>";
		};
		6215E3271464909400EC7C9D /* Models */ = {
			isa = PBXGroup;
			children = (
				62CAFC6F147069F70020DB6E /* CodSpeaker.h */,
				62CAFC70147069F70020DB6E /* CodSpeaker.m */,
				6215E328146490C300EC7C9D /* CodSession.h */,
				6215E329146490C300EC7C9D /* CodSession.m */,
				62786E8D146F80B0001E00A1 /* CodSponsor.h */,
				62786E8E146F80B0001E00A1 /* CodSponsor.m */,
			);
			name = Models;
			sourceTree = "<group>";
		};
		62336F56146D6F0B003E1F6D /* Views */ = {
			isa = PBXGroup;
			children = (
				62CAFC7A14707DCE0020DB6E /* Sessions */,
				62E08867146EDE2A00DC1585 /* DashboardViewController.h */,
				62E08868146EDE2A00DC1585 /* DashboardViewController.m */,
				62E08869146EDE2A00DC1585 /* DashboardViewController.xib */,
				62CAFC7B14707DDE0020DB6E /* Sponsors */,
				62CAFC7C14707DE60020DB6E /* Speakers */,
				627D43861473425A001256B8 /* Maps */,
			);
			name = Views;
			sourceTree = "<group>";
		};
		625EFCD114717C0B00DDED6F /* SDWebImage */ = {
			isa = PBXGroup;
			children = (
				625EFCD214717C0B00DDED6F /* LICENSE */,
				625EFCD314717C0B00DDED6F /* README.md */,
				625EFCD414717C0B00DDED6F /* SDImageCache.h */,
				625EFCD514717C0B00DDED6F /* SDImageCache.m */,
				625EFCD614717C0B00DDED6F /* SDImageCacheDelegate.h */,
				625EFCD714717C0B00DDED6F /* SDWebImageCompat.h */,
				625EFCD814717C0B00DDED6F /* SDWebImageDecoder.h */,
				625EFCD914717C0B00DDED6F /* SDWebImageDecoder.m */,
				625EFCDA14717C0B00DDED6F /* SDWebImageDownloader.h */,
				625EFCDB14717C0B00DDED6F /* SDWebImageDownloader.m */,
				625EFCDC14717C0B00DDED6F /* SDWebImageDownloaderDelegate.h */,
				625EFCDD14717C0B00DDED6F /* SDWebImageManager.h */,
				625EFCDE14717C0B00DDED6F /* SDWebImageManager.m */,
				625EFCDF14717C0B00DDED6F /* SDWebImageManagerDelegate.h */,
				625EFCE014717C0B00DDED6F /* SDWebImagePrefetcher.h */,
				625EFCE114717C0B00DDED6F /* SDWebImagePrefetcher.m */,
				625EFCE214717C0B00DDED6F /* UIButton+WebCache.h */,
				625EFCE314717C0B00DDED6F /* UIButton+WebCache.m */,
				625EFCE414717C0B00DDED6F /* UIImageView+WebCache.h */,
				625EFCE514717C0B00DDED6F /* UIImageView+WebCache.m */,
			);
			path = SDWebImage;
			sourceTree = "<group>";
		};
		625EFCF11471951F00DDED6F /* TestFlightSDK0.8 */ = {
			isa = PBXGroup;
			children = (
				625EFCF21471951F00DDED6F /* libTestFlight.a */,
				625EFCF31471951F00DDED6F /* README.txt */,
				625EFCF41471951F00DDED6F /* release_notes.txt */,
				625EFCF51471951F00DDED6F /* TestFlight.h */,
			);
			path = TestFlightSDK0.8;
			sourceTree = "<group>";
		};
		627D43861473425A001256B8 /* Maps */ = {
			isa = PBXGroup;
			children = (
				627D438114733972001256B8 /* MapView.h */,
				627D438214733972001256B8 /* MapView.m */,
				627D438314733972001256B8 /* MapView.xib */,
			);
			name = Maps;
			sourceTree = "<group>";
		};
		62A1B27E1465C66E00140C9F /* Images */ = {
			isa = PBXGroup;
			children = (
				627D439F14734896001256B8 /* LogoType.png */,
				627D43A014734896001256B8 /* LogoType@2x.png */,
				627D439914734475001256B8 /* bg-repeat_light.png */,
				627D439A14734475001256B8 /* bg-repeat.png */,
				627D437F14733931001256B8 /* map_projections.png */,
				625EFCEF14717D3900DDED6F /* Contact.png */,
				62CAFC6A146FF7F10020DB6E /* bg_list-row-tall.png */,
				62786E8B146F702F001E00A1 /* bg_full-screen-light.png */,
				62786E89146F6EEB001E00A1 /* bg_dark-brown-repeating.png */,
				62E0886C146EDE7C00DC1585 /* Dashboard */,
			);
			name = Images;
			sourceTree = "<group>";
		};
		62CAFC7A14707DCE0020DB6E /* Sessions */ = {
			isa = PBXGroup;
			children = (
				62336F5E146D7017003E1F6D /* SessionsTable.h */,
				62336F5F146D7017003E1F6D /* SessionsTable.m */,
				62336F60146D7017003E1F6D /* SessionsTable.xib */,
				6246735E146DED400014D13D /* SessionDetail.h */,
				6246735F146DED400014D13D /* SessionDetail.m */,
				62467360146DED400014D13D /* SessionDetail.xib */,
				62CAFC67146FF6D10020DB6E /* SessionTableViewCell.xib */,
				62CAFC6C146FF8EC0020DB6E /* SessionTableViewCell.h */,
				62CAFC6D146FF8EC0020DB6E /* SessionTableViewCell.m */,
			);
			name = Sessions;
			sourceTree = "<group>";
		};
		62CAFC7B14707DDE0020DB6E /* Sponsors */ = {
			isa = PBXGroup;
			children = (
				62786E90146F8311001E00A1 /* SponsorsTableViewController.h */,
				62786E91146F8311001E00A1 /* SponsorsTableViewController.m */,
				62786E92146F8311001E00A1 /* SponsorsTableViewController.xib */,
				62786E95146F8C7E001E00A1 /* SponsorDetailViewController.h */,
				62786E96146F8C7E001E00A1 /* SponsorDetailViewController.m */,
				62786E97146F8C7F001E00A1 /* SponsorDetailViewController.xib */,
				625EFD0F1471ED8D00DDED6F /* SponsorTableViewCell.h */,
				625EFD101471ED8D00DDED6F /* SponsorTableViewCell.m */,
				625EFD121471EEB800DDED6F /* SponsorTableViewCell.xib */,
			);
			name = Sponsors;
			sourceTree = "<group>";
		};
		62CAFC7C14707DE60020DB6E /* Speakers */ = {
			isa = PBXGroup;
			children = (
				62CAFC7514707DB20020DB6E /* SpeakerTableView.h */,
				62CAFC7614707DB20020DB6E /* SpeakerTableView.m */,
				62CAFC7714707DB30020DB6E /* SpeakerTableView.xib */,
				62CAFC7D147080500020DB6E /* SpeakerDetailView.h */,
				62CAFC7E147080500020DB6E /* SpeakerDetailView.m */,
				62CAFC7F147080500020DB6E /* SpeakerDetailView.xib */,
				62CAFC82147082BC0020DB6E /* SpeakerTableViewCell.h */,
				62CAFC83147082BC0020DB6E /* SpeakerTableViewCell.m */,
				62CAFC85147083920020DB6E /* SpeakerTableViewCell.xib */,
			);
			name = Speakers;
			sourceTree = "<group>";
		};
		62E0886C146EDE7C00DC1585 /* Dashboard */ = {
			isa = PBXGroup;
			children = (
				627D4387147343C0001256B8 /* icn_main-info.png */,
				627D4388147343C0001256B8 /* icn_main-maps.png */,
				627D4389147343C0001256B8 /* icn_main-news.png */,
				627D438A147343C0001256B8 /* icn_main-sessions.png */,
				627D438B147343C0001256B8 /* icn_main-settings.png */,
				627D438C147343C0001256B8 /* icn_main-social.png */,
				627D438D147343C0001256B8 /* icn_main-speakers.png */,
				627D438E147343C0001256B8 /* icn_main-sponsors.png */,
				627D438F147343C0001256B8 /* icn_main-tweets.png */,
			);
			name = Dashboard;
			sourceTree = "<group>";
		};
/* End PBXGroup section */

/* Begin PBXNativeTarget section */
		6215E2BA1464853B00EC7C9D /* dcnyc10-ios */ = {
			isa = PBXNativeTarget;
			buildConfigurationList = 6215E2ED1464853B00EC7C9D /* Build configuration list for PBXNativeTarget "dcnyc10-ios" */;
			buildPhases = (
				6215E2B71464853B00EC7C9D /* Sources */,
				6215E2B81464853B00EC7C9D /* Frameworks */,
				6215E2B91464853B00EC7C9D /* Resources */,
			);
			buildRules = (
			);
			dependencies = (
				6215E31B14648C5F00EC7C9D /* PBXTargetDependency */,
			);
			name = "dcnyc10-ios";
			productName = "dcnyc10-ios";
			productReference = 6215E2BB1464853B00EC7C9D /* dcnyc10-ios.app */;
			productType = "com.apple.product-type.application";
		};
/* End PBXNativeTarget section */

/* Begin PBXProject section */
		6215E2B21464853A00EC7C9D /* Project object */ = {
			isa = PBXProject;
			attributes = {
				LastUpgradeCheck = 0420;
			};
			buildConfigurationList = 6215E2B51464853A00EC7C9D /* Build configuration list for PBXProject "dcnyc10-ios" */;
			compatibilityVersion = "Xcode 3.2";
			developmentRegion = English;
			hasScannedForEncodings = 0;
			knownRegions = (
				en,
			);
			mainGroup = 6215E2B01464853A00EC7C9D;
			productRefGroup = 6215E2BC1464853B00EC7C9D /* Products */;
			projectDirPath = "";
			projectReferences = (
				{
					ProductGroup = 6215E2F114648BFE00EC7C9D /* Products */;
					ProjectRef = 6215E2F014648BFE00EC7C9D /* RestKit.xcodeproj */;
				},
			);
			projectRoot = "";
			targets = (
				6215E2BA1464853B00EC7C9D /* dcnyc10-ios */,
			);
		};
/* End PBXProject section */

/* Begin PBXReferenceProxy section */
		6215E30514648BFF00EC7C9D /* libRestKitNetwork.a */ = {
			isa = PBXReferenceProxy;
			fileType = archive.ar;
			path = libRestKitNetwork.a;
			remoteRef = 6215E30414648BFF00EC7C9D /* PBXContainerItemProxy */;
			sourceTree = BUILT_PRODUCTS_DIR;
		};
		6215E30714648BFF00EC7C9D /* libRestKitObjectMapping.a */ = {
			isa = PBXReferenceProxy;
			fileType = archive.ar;
			path = libRestKitObjectMapping.a;
			remoteRef = 6215E30614648BFF00EC7C9D /* PBXContainerItemProxy */;
			sourceTree = BUILT_PRODUCTS_DIR;
		};
		6215E30914648BFF00EC7C9D /* libRestKitSupport.a */ = {
			isa = PBXReferenceProxy;
			fileType = archive.ar;
			path = libRestKitSupport.a;
			remoteRef = 6215E30814648BFF00EC7C9D /* PBXContainerItemProxy */;
			sourceTree = BUILT_PRODUCTS_DIR;
		};
		6215E30B14648BFF00EC7C9D /* libRestKitJSONParserNXJSON.a */ = {
			isa = PBXReferenceProxy;
			fileType = archive.ar;
			path = libRestKitJSONParserNXJSON.a;
			remoteRef = 6215E30A14648BFF00EC7C9D /* PBXContainerItemProxy */;
			sourceTree = BUILT_PRODUCTS_DIR;
		};
		6215E30D14648BFF00EC7C9D /* libRestKitJSONParserYAJL.a */ = {
			isa = PBXReferenceProxy;
			fileType = archive.ar;
			path = libRestKitJSONParserYAJL.a;
			remoteRef = 6215E30C14648BFF00EC7C9D /* PBXContainerItemProxy */;
			sourceTree = BUILT_PRODUCTS_DIR;
		};
		6215E30F14648BFF00EC7C9D /* libRestKitJSONParserSBJSON.a */ = {
			isa = PBXReferenceProxy;
			fileType = archive.ar;
			path = libRestKitJSONParserSBJSON.a;
			remoteRef = 6215E30E14648BFF00EC7C9D /* PBXContainerItemProxy */;
			sourceTree = BUILT_PRODUCTS_DIR;
		};
		6215E31114648BFF00EC7C9D /* libRestKitJSONParserJSONKit.a */ = {
			isa = PBXReferenceProxy;
			fileType = archive.ar;
			path = libRestKitJSONParserJSONKit.a;
			remoteRef = 6215E31014648BFF00EC7C9D /* PBXContainerItemProxy */;
			sourceTree = BUILT_PRODUCTS_DIR;
		};
		6215E31314648BFF00EC7C9D /* libRestKitXMLParserLibxml.a */ = {
			isa = PBXReferenceProxy;
			fileType = archive.ar;
			path = libRestKitXMLParserLibxml.a;
			remoteRef = 6215E31214648BFF00EC7C9D /* PBXContainerItemProxy */;
			sourceTree = BUILT_PRODUCTS_DIR;
		};
		6215E31514648BFF00EC7C9D /* libRestKitCoreData.a */ = {
			isa = PBXReferenceProxy;
			fileType = archive.ar;
			path = libRestKitCoreData.a;
			remoteRef = 6215E31414648BFF00EC7C9D /* PBXContainerItemProxy */;
			sourceTree = BUILT_PRODUCTS_DIR;
		};
		6215E31714648BFF00EC7C9D /* libRestKitThree20.a */ = {
			isa = PBXReferenceProxy;
			fileType = archive.ar;
			path = libRestKitThree20.a;
			remoteRef = 6215E31614648BFF00EC7C9D /* PBXContainerItemProxy */;
			sourceTree = BUILT_PRODUCTS_DIR;
		};
		6215E31914648BFF00EC7C9D /* RestKitSpecs.app */ = {
			isa = PBXReferenceProxy;
			fileType = wrapper.application;
			path = RestKitSpecs.app;
			remoteRef = 6215E31814648BFF00EC7C9D /* PBXContainerItemProxy */;
			sourceTree = BUILT_PRODUCTS_DIR;
		};
/* End PBXReferenceProxy section */

/* Begin PBXResourcesBuildPhase section */
		6215E2B91464853B00EC7C9D /* Resources */ = {
			isa = PBXResourcesBuildPhase;
			buildActionMask = 2147483647;
			files = (
				6215E2CA1464853B00EC7C9D /* InfoPlist.strings in Resources */,
				62336F62146D7017003E1F6D /* SessionsTable.xib in Resources */,
				62467362146DED400014D13D /* SessionDetail.xib in Resources */,
				62E0886B146EDE2A00DC1585 /* DashboardViewController.xib in Resources */,
				62786E88146F6E73001E00A1 /* Default@2x.png in Resources */,
				62786E8A146F6EEB001E00A1 /* bg_dark-brown-repeating.png in Resources */,
				62786E8C146F702F001E00A1 /* bg_full-screen-light.png in Resources */,
				62786E94146F8311001E00A1 /* SponsorsTableViewController.xib in Resources */,
				62786E99146F8C7F001E00A1 /* SponsorDetailViewController.xib in Resources */,
				62CAFC69146FF6D10020DB6E /* SessionTableViewCell.xib in Resources */,
				62CAFC6B146FF7F10020DB6E /* bg_list-row-tall.png in Resources */,
				62CAFC7914707DB30020DB6E /* SpeakerTableView.xib in Resources */,
				62CAFC81147080500020DB6E /* SpeakerDetailView.xib in Resources */,
				62CAFC86147083920020DB6E /* SpeakerTableViewCell.xib in Resources */,
				625EFCE614717C0B00DDED6F /* LICENSE in Resources */,
				625EFCE714717C0B00DDED6F /* README.md in Resources */,
				625EFCF014717D3900DDED6F /* Contact.png in Resources */,
				625EFCF71471951F00DDED6F /* README.txt in Resources */,
				625EFCF81471951F00DDED6F /* release_notes.txt in Resources */,
				625EFD131471EEB800DDED6F /* SponsorTableViewCell.xib in Resources */,
				627D438014733931001256B8 /* map_projections.png in Resources */,
				627D438514733972001256B8 /* MapView.xib in Resources */,
				627D4390147343C0001256B8 /* icn_main-info.png in Resources */,
				627D4391147343C0001256B8 /* icn_main-maps.png in Resources */,
				627D4392147343C0001256B8 /* icn_main-news.png in Resources */,
				627D4393147343C0001256B8 /* icn_main-sessions.png in Resources */,
				627D4394147343C0001256B8 /* icn_main-settings.png in Resources */,
				627D4395147343C0001256B8 /* icn_main-social.png in Resources */,
				627D4396147343C0001256B8 /* icn_main-speakers.png in Resources */,
				627D4397147343C0001256B8 /* icn_main-sponsors.png in Resources */,
				627D4398147343C0001256B8 /* icn_main-tweets.png in Resources */,
				627D439B14734475001256B8 /* bg-repeat_light.png in Resources */,
				627D439C14734475001256B8 /* bg-repeat.png in Resources */,
				627D439E1473463C001256B8 /* Default.png in Resources */,
				627D43A114734896001256B8 /* LogoType.png in Resources */,
				627D43A214734896001256B8 /* LogoType@2x.png in Resources */,
			);
			runOnlyForDeploymentPostprocessing = 0;
		};
/* End PBXResourcesBuildPhase section */

/* Begin PBXSourcesBuildPhase section */
		6215E2B71464853B00EC7C9D /* Sources */ = {
			isa = PBXSourcesBuildPhase;
			buildActionMask = 2147483647;
			files = (
				6215E2CC1464853B00EC7C9D /* main.m in Sources */,
				6215E2D01464853B00EC7C9D /* dcnyc10AppDelegate.m in Sources */,
				6215E32A146490C300EC7C9D /* CodSession.m in Sources */,
				62A1B2821465C76000140C9F /* CoreDataModel.xcdatamodeld in Sources */,
				62336F61146D7017003E1F6D /* SessionsTable.m in Sources */,
				62467361146DED400014D13D /* SessionDetail.m in Sources */,
				62E0886A146EDE2A00DC1585 /* DashboardViewController.m in Sources */,
				62786E8F146F80B0001E00A1 /* CodSponsor.m in Sources */,
				62786E93146F8311001E00A1 /* SponsorsTableViewController.m in Sources */,
				62786E98146F8C7F001E00A1 /* SponsorDetailViewController.m in Sources */,
				62CAFC6E146FF8EC0020DB6E /* SessionTableViewCell.m in Sources */,
				62CAFC71147069F70020DB6E /* CodSpeaker.m in Sources */,
				62CAFC7814707DB30020DB6E /* SpeakerTableView.m in Sources */,
				62CAFC80147080500020DB6E /* SpeakerDetailView.m in Sources */,
				62CAFC84147082BC0020DB6E /* SpeakerTableViewCell.m in Sources */,
				625EFCE814717C0B00DDED6F /* SDImageCache.m in Sources */,
				625EFCE914717C0B00DDED6F /* SDWebImageDecoder.m in Sources */,
				625EFCEA14717C0B00DDED6F /* SDWebImageDownloader.m in Sources */,
				625EFCEB14717C0B00DDED6F /* SDWebImageManager.m in Sources */,
				625EFCEC14717C0B00DDED6F /* SDWebImagePrefetcher.m in Sources */,
				625EFCED14717C0B00DDED6F /* UIButton+WebCache.m in Sources */,
				625EFCEE14717C0B00DDED6F /* UIImageView+WebCache.m in Sources */,
				625EFD111471ED8D00DDED6F /* SponsorTableViewCell.m in Sources */,
				627D438414733972001256B8 /* MapView.m in Sources */,
			);
			runOnlyForDeploymentPostprocessing = 0;
		};
/* End PBXSourcesBuildPhase section */

/* Begin PBXTargetDependency section */
		6215E31B14648C5F00EC7C9D /* PBXTargetDependency */ = {
			isa = PBXTargetDependency;
			name = RestKit;
			targetProxy = 6215E31A14648C5F00EC7C9D /* PBXContainerItemProxy */;
		};
/* End PBXTargetDependency section */

/* Begin PBXVariantGroup section */
		6215E2C81464853B00EC7C9D /* InfoPlist.strings */ = {
			isa = PBXVariantGroup;
			children = (
				6215E2C91464853B00EC7C9D /* en */,
			);
			name = InfoPlist.strings;
			sourceTree = "<group>";
		};
/* End PBXVariantGroup section */

/* Begin XCBuildConfiguration section */
		6215E2EB1464853B00EC7C9D /* Debug */ = {
			isa = XCBuildConfiguration;
			buildSettings = {
				ALWAYS_SEARCH_USER_PATHS = NO;
				ARCHS = "$(ARCHS_STANDARD_32_BIT)";
				"CODE_SIGN_IDENTITY[sdk=iphoneos*]" = "iPhone Developer";
				COPY_PHASE_STRIP = NO;
				GCC_C_LANGUAGE_STANDARD = gnu99;
				GCC_DYNAMIC_NO_PIC = NO;
				GCC_OPTIMIZATION_LEVEL = 0;
				GCC_PREPROCESSOR_DEFINITIONS = (
					"DEBUG=1",
					"$(inherited)",
				);
				GCC_SYMBOLS_PRIVATE_EXTERN = NO;
				GCC_VERSION = com.apple.compilers.llvm.clang.1_0;
				GCC_WARN_ABOUT_MISSING_PROTOTYPES = YES;
				GCC_WARN_ABOUT_RETURN_TYPE = YES;
				GCC_WARN_UNUSED_VARIABLE = YES;
				IPHONEOS_DEPLOYMENT_TARGET = 5.0;
				SDKROOT = iphoneos;
				TARGETED_DEVICE_FAMILY = "1,2";
			};
			name = Debug;
		};
		6215E2EC1464853B00EC7C9D /* Release */ = {
			isa = XCBuildConfiguration;
			buildSettings = {
				ALWAYS_SEARCH_USER_PATHS = NO;
				ARCHS = "$(ARCHS_STANDARD_32_BIT)";
				"CODE_SIGN_IDENTITY[sdk=iphoneos*]" = "iPhone Developer";
				COPY_PHASE_STRIP = YES;
				GCC_C_LANGUAGE_STANDARD = gnu99;
				GCC_VERSION = com.apple.compilers.llvm.clang.1_0;
				GCC_WARN_ABOUT_MISSING_PROTOTYPES = YES;
				GCC_WARN_ABOUT_RETURN_TYPE = YES;
				GCC_WARN_UNUSED_VARIABLE = YES;
				IPHONEOS_DEPLOYMENT_TARGET = 5.0;
				OTHER_CFLAGS = "-DNS_BLOCK_ASSERTIONS=1";
				SDKROOT = iphoneos;
				TARGETED_DEVICE_FAMILY = "1,2";
				VALIDATE_PRODUCT = YES;
			};
			name = Release;
		};
		6215E2EE1464853B00EC7C9D /* Debug */ = {
			isa = XCBuildConfiguration;
			buildSettings = {
				GCC_PRECOMPILE_PREFIX_HEADER = YES;
				GCC_PREFIX_HEADER = "dcnyc10-ios/dcnyc10-ios-Prefix.pch";
				HEADER_SEARCH_PATHS = "\"$(SOURCE_ROOT)/RestKit/Build\"";
				INFOPLIST_FILE = "dcnyc10-ios/dcnyc10-ios-Info.plist";
				IPHONEOS_DEPLOYMENT_TARGET = 4.2;
				LIBRARY_SEARCH_PATHS = (
					"$(inherited)",
					"\"$(SRCROOT)/TestFlightSDK0.8\"",
				);
				OTHER_LDFLAGS = "-ObjC";
				PRODUCT_NAME = "$(TARGET_NAME)";
				WRAPPER_EXTENSION = app;
			};
			name = Debug;
		};
		6215E2EF1464853B00EC7C9D /* Release */ = {
			isa = XCBuildConfiguration;
			buildSettings = {
				GCC_PRECOMPILE_PREFIX_HEADER = YES;
				GCC_PREFIX_HEADER = "dcnyc10-ios/dcnyc10-ios-Prefix.pch";
				HEADER_SEARCH_PATHS = "\"$(SOURCE_ROOT)/RestKit/Build\"";
				INFOPLIST_FILE = "dcnyc10-ios/dcnyc10-ios-Info.plist";
				IPHONEOS_DEPLOYMENT_TARGET = 4.2;
				LIBRARY_SEARCH_PATHS = (
					"$(inherited)",
					"\"$(SRCROOT)/TestFlightSDK0.8\"",
				);
				OTHER_LDFLAGS = "-ObjC";
				PRODUCT_NAME = "$(TARGET_NAME)";
				WRAPPER_EXTENSION = app;
			};
			name = Release;
		};
		629EC6B81471663E00DAF0E4 /* Ad Hoc */ = {
			isa = XCBuildConfiguration;
			buildSettings = {
				ALWAYS_SEARCH_USER_PATHS = NO;
				ARCHS = "$(ARCHS_STANDARD_32_BIT)";
				"CODE_SIGN_IDENTITY[sdk=iphoneos*]" = "iPhone Developer";
				COPY_PHASE_STRIP = NO;
				GCC_C_LANGUAGE_STANDARD = gnu99;
				GCC_VERSION = com.apple.compilers.llvm.clang.1_0;
				GCC_WARN_ABOUT_MISSING_PROTOTYPES = YES;
				GCC_WARN_ABOUT_RETURN_TYPE = YES;
				GCC_WARN_UNUSED_VARIABLE = YES;
				IPHONEOS_DEPLOYMENT_TARGET = 5.0;
				OTHER_CFLAGS = "-DNS_BLOCK_ASSERTIONS=1";
				SDKROOT = iphoneos;
				STRIP_INSTALLED_PRODUCT = NO;
				TARGETED_DEVICE_FAMILY = "1,2";
				VALIDATE_PRODUCT = YES;
			};
			name = "Ad Hoc";
		};
		629EC6B91471663E00DAF0E4 /* Ad Hoc */ = {
			isa = XCBuildConfiguration;
			buildSettings = {
				"CODE_SIGN_IDENTITY[sdk=iphoneos*]" = "iPhone Developer: Roger Lopez (78BM6XU8Y3)";
				GCC_PRECOMPILE_PREFIX_HEADER = YES;
				GCC_PREFIX_HEADER = "dcnyc10-ios/dcnyc10-ios-Prefix.pch";
				HEADER_SEARCH_PATHS = "\"$(SOURCE_ROOT)/RestKit/Build\"";
				INFOPLIST_FILE = "dcnyc10-ios/dcnyc10-ios-Info.plist";
				IPHONEOS_DEPLOYMENT_TARGET = 4.2;
				LIBRARY_SEARCH_PATHS = (
					"$(inherited)",
					"\"$(SRCROOT)/TestFlightSDK0.8\"",
				);
				OTHER_LDFLAGS = "-ObjC";
				PRODUCT_NAME = "$(TARGET_NAME)";
				"PROVISIONING_PROFILE[sdk=iphoneos*]" = "8161BCE5-A46F-4100-8272-3BDD44D0E0AB";
				WRAPPER_EXTENSION = app;
			};
			name = "Ad Hoc";
		};
/* End XCBuildConfiguration section */

/* Begin XCConfigurationList section */
		6215E2B51464853A00EC7C9D /* Build configuration list for PBXProject "dcnyc10-ios" */ = {
			isa = XCConfigurationList;
			buildConfigurations = (
				6215E2EB1464853B00EC7C9D /* Debug */,
				6215E2EC1464853B00EC7C9D /* Release */,
				629EC6B81471663E00DAF0E4 /* Ad Hoc */,
			);
			defaultConfigurationIsVisible = 0;
			defaultConfigurationName = Release;
		};
		6215E2ED1464853B00EC7C9D /* Build configuration list for PBXNativeTarget "dcnyc10-ios" */ = {
			isa = XCConfigurationList;
			buildConfigurations = (
				6215E2EE1464853B00EC7C9D /* Debug */,
				6215E2EF1464853B00EC7C9D /* Release */,
				629EC6B91471663E00DAF0E4 /* Ad Hoc */,
			);
			defaultConfigurationIsVisible = 0;
			defaultConfigurationName = Release;
		};
/* End XCConfigurationList section */

/* Begin XCVersionGroup section */
		62A1B2801465C76000140C9F /* CoreDataModel.xcdatamodeld */ = {
			isa = XCVersionGroup;
			children = (
				62A1B2811465C76000140C9F /* CoreDataModel.xcdatamodel */,
			);
			currentVersion = 62A1B2811465C76000140C9F /* CoreDataModel.xcdatamodel */;
			path = CoreDataModel.xcdatamodeld;
			sourceTree = "<group>";
			versionGroupType = wrapper.xcdatamodel;
		};
/* End XCVersionGroup section */
	};
	rootObject = 6215E2B21464853A00EC7C9D /* Project object */;
}
